
Microsoft Visual Studio Solution File, Format Version 12.00
# Visual Studio Version 17
VisualStudioVersion = 17.1.32319.34
MinimumVisualStudioVersion = 10.0.40219.1
Project("{9A19103F-16F7-4668-BE54-9A1E7A4F7556}") = "Domain", "Domain\Domain.csproj", "{3800D55B-2DDE-424D-9BD4-D5BA8381CCD7}"
EndProject
Project("{9A19103F-16F7-4668-BE54-9A1E7A4F7556}") = "Infrastructure", "Infrastructure\Infrastructure.csproj", "{FE68E49B-6417-485E-89B4-AECF0A1FC2E7}"
EndProject
Project("{9A19103F-16F7-4668-BE54-9A1E7A4F7556}") = "WebApplication", "WebApplication\WebApplication.csproj", "{2E4A76A3-EE7D-455F-A071-20C3D39C1011}"
EndProject
Global
	GlobalSection(SolutionConfigurationPlatforms) = preSolution
		Debug|Any CPU = Debug|Any CPU
		Release|Any CPU = Release|Any CPU
	EndGlobalSection
	GlobalSection(ProjectConfigurationPlatforms) = postSolution
		{3800D55B-2DDE-424D-9BD4-D5BA8381CCD7}.Debug|Any CPU.ActiveCfg = Debug|Any CPU
		{3800D55B-2DDE-424D-9BD4-D5BA8381CCD7}.Debug|Any CPU.Build.0 = Debug|Any CPU
		{3800D55B-2DDE-424D-9BD4-D5BA8381CCD7}.Release|Any CPU.ActiveCfg = Release|Any CPU
		{3800D55B-2DDE-424D-9BD4-D5BA8381CCD7}.Release|Any CPU.Build.0 = Release|Any CPU
		{FE68E49B-6417-485E-89B4-AECF0A1FC2E7}.Debug|Any CPU.ActiveCfg = Debug|Any CPU
		{FE68E49B-6417-485E-89B4-AECF0A1FC2E7}.Debug|Any CPU.Build.0 = Debug|Any CPU
		{FE68E49B-6417-485E-89B4-AECF0A1FC2E7}.Release|Any CPU.ActiveCfg = Release|Any CPU
		{FE68E49B-6417-485E-89B4-AECF0A1FC2E7}.Release|Any CPU.Build.0 = Release|Any CPU
		{2E4A76A3-EE7D-455F-A071-20C3D39C1011}.Debug|Any CPU.ActiveCfg = Debug|Any CPU
		{2E4A76A3-EE7D-455F-A071-20C3D39C1011}.Debug|Any CPU.Build.0 = Debug|Any CPU
		{2E4A76A3-EE7D-455F-A071-20C3D39C1011}.Release|Any CPU.ActiveCfg = Release|Any CPU
		{2E4A76A3-EE7D-455F-A071-20C3D39C1011}.Release|Any CPU.Build.0 = Release|Any CPU
	EndGlobalSection
	GlobalSection(SolutionProperties) = preSolution
		HideSolutionNode = FALSE
	EndGlobalSection
	GlobalSection(ExtensibilityGlobals) = postSolution
		SolutionGuid = {E7BF9F31-CD4F-4E37-8445-F0D5C6859CF1}
	EndGlobalSection
EndGlobal
